
Microsoft Visual Studio Solution File, Format Version 11.00
# Visual Studio 2010
Project("{FAE04EC0-301F-11D3-BF4B-00C04F79EFBC}") = "Epam.Task01.Rectangle", "Epam.Task01.Rectangle\Epam.Task01.Rectangle.csproj", "{4367CCBB-FF4C-4B56-ACD8-21964C59D5E0}"
EndProject
Project("{FAE04EC0-301F-11D3-BF4B-00C04F79EFBC}") = "Epam.Task01.Triangle", "Epam.Task01.Triangle\Epam.Task01.Triangle.csproj", "{E4025C30-60F7-44A3-977D-2D80E5D5EB5D}"
EndProject
Project("{FAE04EC0-301F-11D3-BF4B-00C04F79EFBC}") = "Epam.Task01.Another triangle", "Epam.Task01.Another triangle\Epam.Task01.Another triangle.csproj", "{93C84E4A-6C8D-4620-AAAC-0DDA6E8AFC68}"
EndProject
Global
	GlobalSection(SolutionConfigurationPlatforms) = preSolution
		Debug|x86 = Debug|x86
		Release|x86 = Release|x86
	EndGlobalSection
	GlobalSection(ProjectConfigurationPlatforms) = postSolution
		{4367CCBB-FF4C-4B56-ACD8-21964C59D5E0}.Debug|x86.ActiveCfg = Debug|x86
		{4367CCBB-FF4C-4B56-ACD8-21964C59D5E0}.Debug|x86.Build.0 = Debug|x86
		{4367CCBB-FF4C-4B56-ACD8-21964C59D5E0}.Release|x86.ActiveCfg = Release|x86
		{4367CCBB-FF4C-4B56-ACD8-21964C59D5E0}.Release|x86.Build.0 = Release|x86
		{E4025C30-60F7-44A3-977D-2D80E5D5EB5D}.Debug|x86.ActiveCfg = Debug|x86
		{E4025C30-60F7-44A3-977D-2D80E5D5EB5D}.Debug|x86.Build.0 = Debug|x86
		{E4025C30-60F7-44A3-977D-2D80E5D5EB5D}.Release|x86.ActiveCfg = Release|x86
		{E4025C30-60F7-44A3-977D-2D80E5D5EB5D}.Release|x86.Build.0 = Release|x86
		{93C84E4A-6C8D-4620-AAAC-0DDA6E8AFC68}.Debug|x86.ActiveCfg = Debug|x86
		{93C84E4A-6C8D-4620-AAAC-0DDA6E8AFC68}.Debug|x86.Build.0 = Debug|x86
		{93C84E4A-6C8D-4620-AAAC-0DDA6E8AFC68}.Release|x86.ActiveCfg = Release|x86
		{93C84E4A-6C8D-4620-AAAC-0DDA6E8AFC68}.Release|x86.Build.0 = Release|x86
	EndGlobalSection
	GlobalSection(SolutionProperties) = preSolution
		HideSolutionNode = FALSE
	EndGlobalSection
EndGlobal
