
Microsoft Visual Studio Solution File, Format Version 11.00
# Visual Studio 2010
Project("{FAE04EC0-301F-11D3-BF4B-00C04F79EFBC}") = "Epam.Task01.Rectangle", "Epam.Task01.Rectangle\Epam.Task01.Rectangle.csproj", "{4367CCBB-FF4C-4B56-ACD8-21964C59D5E0}"
EndProject
Project("{FAE04EC0-301F-11D3-BF4B-00C04F79EFBC}") = "Epam.Task01.Triangle", "Epam.Task01.Triangle\Epam.Task01.Triangle.csproj", "{E4025C30-60F7-44A3-977D-2D80E5D5EB5D}"
EndProject
Project("{FAE04EC0-301F-11D3-BF4B-00C04F79EFBC}") = "Epam.Task01.Another triangle", "Epam.Task01.Another triangle\Epam.Task01.Another triangle.csproj", "{93C84E4A-6C8D-4620-AAAC-0DDA6E8AFC68}"
EndProject
Project("{FAE04EC0-301F-11D3-BF4B-00C04F79EFBC}") = "Epam.Task01.X-masTree", "Epam.Task01.X-masTree\Epam.Task01.X-masTree.csproj", "{8FA7F466-EB30-4E30-8D22-A8278F826583}"
EndProject
Project("{FAE04EC0-301F-11D3-BF4B-00C04F79EFBC}") = "Epam.Task01.SumOfNumbers", "Epam.Task01.SumOfNumbers\Epam.Task01.SumOfNumbers.csproj", "{05A2FD8E-9D66-4AC3-8DB0-78716E289403}"
EndProject
Project("{FAE04EC0-301F-11D3-BF4B-00C04F79EFBC}") = "Epam.Task01.FontAdjustment", "Epam.Task01.FontAdjustment\Epam.Task01.FontAdjustment.csproj", "{6F1F289E-E76C-456C-880E-D4658644293F}"
EndProject
Project("{FAE04EC0-301F-11D3-BF4B-00C04F79EFBC}") = "Epam.Task01.ArrayProcessing", "Epam.Task01.ArrayProcessing\Epam.Task01.ArrayProcessing.csproj", "{EB7FDA36-34F0-41A4-AAE9-60A8708139A8}"
EndProject
Project("{FAE04EC0-301F-11D3-BF4B-00C04F79EFBC}") = "Epam.Task01.NoPositive", "Epam.Task01.NoPositive\Epam.Task01.NoPositive.csproj", "{C7D67056-1898-4755-8626-5C9EBEDA4101}"
EndProject
Project("{FAE04EC0-301F-11D3-BF4B-00C04F79EFBC}") = "Epam.Task01.NonNegativeSum", "Epam.Task01.NonNegativeSum\Epam.Task01.NonNegativeSum.csproj", "{D96CA9B4-018E-4073-9646-872A0E0BD4D1}"
EndProject
Project("{FAE04EC0-301F-11D3-BF4B-00C04F79EFBC}") = "Epam.Task01.2DArray", "Epam.Task01.2DArray\Epam.Task01.2DArray.csproj", "{65F8989E-FB2A-4367-B213-3CA49DED7769}"
EndProject
Global
	GlobalSection(SolutionConfigurationPlatforms) = preSolution
		Debug|x86 = Debug|x86
		Release|x86 = Release|x86
	EndGlobalSection
	GlobalSection(ProjectConfigurationPlatforms) = postSolution
		{4367CCBB-FF4C-4B56-ACD8-21964C59D5E0}.Debug|x86.ActiveCfg = Debug|x86
		{4367CCBB-FF4C-4B56-ACD8-21964C59D5E0}.Debug|x86.Build.0 = Debug|x86
		{4367CCBB-FF4C-4B56-ACD8-21964C59D5E0}.Release|x86.ActiveCfg = Release|x86
		{4367CCBB-FF4C-4B56-ACD8-21964C59D5E0}.Release|x86.Build.0 = Release|x86
		{E4025C30-60F7-44A3-977D-2D80E5D5EB5D}.Debug|x86.ActiveCfg = Debug|x86
		{E4025C30-60F7-44A3-977D-2D80E5D5EB5D}.Debug|x86.Build.0 = Debug|x86
		{E4025C30-60F7-44A3-977D-2D80E5D5EB5D}.Release|x86.ActiveCfg = Release|x86
		{E4025C30-60F7-44A3-977D-2D80E5D5EB5D}.Release|x86.Build.0 = Release|x86
		{93C84E4A-6C8D-4620-AAAC-0DDA6E8AFC68}.Debug|x86.ActiveCfg = Debug|x86
		{93C84E4A-6C8D-4620-AAAC-0DDA6E8AFC68}.Debug|x86.Build.0 = Debug|x86
		{93C84E4A-6C8D-4620-AAAC-0DDA6E8AFC68}.Release|x86.ActiveCfg = Release|x86
		{93C84E4A-6C8D-4620-AAAC-0DDA6E8AFC68}.Release|x86.Build.0 = Release|x86
		{8FA7F466-EB30-4E30-8D22-A8278F826583}.Debug|x86.ActiveCfg = Debug|x86
		{8FA7F466-EB30-4E30-8D22-A8278F826583}.Debug|x86.Build.0 = Debug|x86
		{8FA7F466-EB30-4E30-8D22-A8278F826583}.Release|x86.ActiveCfg = Release|x86
		{8FA7F466-EB30-4E30-8D22-A8278F826583}.Release|x86.Build.0 = Release|x86
		{05A2FD8E-9D66-4AC3-8DB0-78716E289403}.Debug|x86.ActiveCfg = Debug|x86
		{05A2FD8E-9D66-4AC3-8DB0-78716E289403}.Debug|x86.Build.0 = Debug|x86
		{05A2FD8E-9D66-4AC3-8DB0-78716E289403}.Release|x86.ActiveCfg = Release|x86
		{05A2FD8E-9D66-4AC3-8DB0-78716E289403}.Release|x86.Build.0 = Release|x86
		{6F1F289E-E76C-456C-880E-D4658644293F}.Debug|x86.ActiveCfg = Debug|x86
		{6F1F289E-E76C-456C-880E-D4658644293F}.Debug|x86.Build.0 = Debug|x86
		{6F1F289E-E76C-456C-880E-D4658644293F}.Release|x86.ActiveCfg = Release|x86
		{6F1F289E-E76C-456C-880E-D4658644293F}.Release|x86.Build.0 = Release|x86
		{EB7FDA36-34F0-41A4-AAE9-60A8708139A8}.Debug|x86.ActiveCfg = Debug|x86
		{EB7FDA36-34F0-41A4-AAE9-60A8708139A8}.Debug|x86.Build.0 = Debug|x86
		{EB7FDA36-34F0-41A4-AAE9-60A8708139A8}.Release|x86.ActiveCfg = Release|x86
		{EB7FDA36-34F0-41A4-AAE9-60A8708139A8}.Release|x86.Build.0 = Release|x86
		{C7D67056-1898-4755-8626-5C9EBEDA4101}.Debug|x86.ActiveCfg = Debug|x86
		{C7D67056-1898-4755-8626-5C9EBEDA4101}.Debug|x86.Build.0 = Debug|x86
		{C7D67056-1898-4755-8626-5C9EBEDA4101}.Release|x86.ActiveCfg = Release|x86
		{C7D67056-1898-4755-8626-5C9EBEDA4101}.Release|x86.Build.0 = Release|x86
		{D96CA9B4-018E-4073-9646-872A0E0BD4D1}.Debug|x86.ActiveCfg = Debug|x86
		{D96CA9B4-018E-4073-9646-872A0E0BD4D1}.Debug|x86.Build.0 = Debug|x86
		{D96CA9B4-018E-4073-9646-872A0E0BD4D1}.Release|x86.ActiveCfg = Release|x86
		{D96CA9B4-018E-4073-9646-872A0E0BD4D1}.Release|x86.Build.0 = Release|x86
		{65F8989E-FB2A-4367-B213-3CA49DED7769}.Debug|x86.ActiveCfg = Debug|x86
		{65F8989E-FB2A-4367-B213-3CA49DED7769}.Debug|x86.Build.0 = Debug|x86
		{65F8989E-FB2A-4367-B213-3CA49DED7769}.Release|x86.ActiveCfg = Release|x86
		{65F8989E-FB2A-4367-B213-3CA49DED7769}.Release|x86.Build.0 = Release|x86
	EndGlobalSection
	GlobalSection(SolutionProperties) = preSolution
		HideSolutionNode = FALSE
	EndGlobalSection
EndGlobal
