
Microsoft Visual Studio Solution File, Format Version 12.00
# Visual Studio 15
VisualStudioVersion = 15.0.28307.136
MinimumVisualStudioVersion = 10.0.40219.1
Project("{FAE04EC0-301F-11D3-BF4B-00C04F79EFBC}") = "Epam.Task02.Round", "Epam.Task02.Round\Epam.Task02.Round.csproj", "{9234396D-A84C-44F2-A3EE-D378DFB49B91}"
EndProject
Project("{FAE04EC0-301F-11D3-BF4B-00C04F79EFBC}") = "Epam.Task02.Triangle", "Epam.Task02.Triangle\Epam.Task02.Triangle.csproj", "{5A59DC3B-AE9C-494A-B3C7-F4E6002FCA45}"
EndProject
Project("{FAE04EC0-301F-11D3-BF4B-00C04F79EFBC}") = "Epam.Task02.Employee", "Epam.Task02.Employee\Epam.Task02.Employee.csproj", "{8AC9A0BC-BF0C-4E59-930E-56FC7035E0FE}"
EndProject
Project("{FAE04EC0-301F-11D3-BF4B-00C04F79EFBC}") = "Epam.Task02.User_", "Epam.Task02.User_\Epam.Task02.User_.csproj", "{AB661146-DB9A-465B-9B81-4FF73CC69521}"
EndProject
Project("{FAE04EC0-301F-11D3-BF4B-00C04F79EFBC}") = "Epam.Task02.MyString", "Epam.Task02.MyString\Epam.Task02.MyString.csproj", "{96089E98-E51E-4D88-B7F4-1F611D0732F4}"
EndProject
Project("{FAE04EC0-301F-11D3-BF4B-00C04F79EFBC}") = "Epam.Task02.Ring", "Epam.Task02.Ring\Epam.Task02.Ring.csproj", "{F54D55F9-F791-483D-B4C7-71C36AB86A54}"
EndProject
Project("{FAE04EC0-301F-11D3-BF4B-00C04F79EFBC}") = "Epam.Task02.VectorGraphicsEditor", "Epam.Task02.VectorGraphicsEditor\Epam.Task02.VectorGraphicsEditor.csproj", "{B4434775-107B-4254-A960-099F123B267D}"
EndProject
Project("{FAE04EC0-301F-11D3-BF4B-00C04F79EFBC}") = "Epam.Task02.Game", "Epam.Task02.Game\Epam.Task02.Game.csproj", "{8196C426-3CAD-4F05-B582-CB2FBE858691}"
EndProject
Global
	GlobalSection(SolutionConfigurationPlatforms) = preSolution
		Debug|Any CPU = Debug|Any CPU
		Release|Any CPU = Release|Any CPU
	EndGlobalSection
	GlobalSection(ProjectConfigurationPlatforms) = postSolution
		{9234396D-A84C-44F2-A3EE-D378DFB49B91}.Debug|Any CPU.ActiveCfg = Debug|Any CPU
		{9234396D-A84C-44F2-A3EE-D378DFB49B91}.Debug|Any CPU.Build.0 = Debug|Any CPU
		{9234396D-A84C-44F2-A3EE-D378DFB49B91}.Release|Any CPU.ActiveCfg = Release|Any CPU
		{9234396D-A84C-44F2-A3EE-D378DFB49B91}.Release|Any CPU.Build.0 = Release|Any CPU
		{5A59DC3B-AE9C-494A-B3C7-F4E6002FCA45}.Debug|Any CPU.ActiveCfg = Debug|Any CPU
		{5A59DC3B-AE9C-494A-B3C7-F4E6002FCA45}.Debug|Any CPU.Build.0 = Debug|Any CPU
		{5A59DC3B-AE9C-494A-B3C7-F4E6002FCA45}.Release|Any CPU.ActiveCfg = Release|Any CPU
		{5A59DC3B-AE9C-494A-B3C7-F4E6002FCA45}.Release|Any CPU.Build.0 = Release|Any CPU
		{8AC9A0BC-BF0C-4E59-930E-56FC7035E0FE}.Debug|Any CPU.ActiveCfg = Debug|Any CPU
		{8AC9A0BC-BF0C-4E59-930E-56FC7035E0FE}.Debug|Any CPU.Build.0 = Debug|Any CPU
		{8AC9A0BC-BF0C-4E59-930E-56FC7035E0FE}.Release|Any CPU.ActiveCfg = Release|Any CPU
		{8AC9A0BC-BF0C-4E59-930E-56FC7035E0FE}.Release|Any CPU.Build.0 = Release|Any CPU
		{AB661146-DB9A-465B-9B81-4FF73CC69521}.Debug|Any CPU.ActiveCfg = Debug|Any CPU
		{AB661146-DB9A-465B-9B81-4FF73CC69521}.Debug|Any CPU.Build.0 = Debug|Any CPU
		{AB661146-DB9A-465B-9B81-4FF73CC69521}.Release|Any CPU.ActiveCfg = Release|Any CPU
		{AB661146-DB9A-465B-9B81-4FF73CC69521}.Release|Any CPU.Build.0 = Release|Any CPU
		{96089E98-E51E-4D88-B7F4-1F611D0732F4}.Debug|Any CPU.ActiveCfg = Debug|Any CPU
		{96089E98-E51E-4D88-B7F4-1F611D0732F4}.Debug|Any CPU.Build.0 = Debug|Any CPU
		{96089E98-E51E-4D88-B7F4-1F611D0732F4}.Release|Any CPU.ActiveCfg = Release|Any CPU
		{96089E98-E51E-4D88-B7F4-1F611D0732F4}.Release|Any CPU.Build.0 = Release|Any CPU
		{F54D55F9-F791-483D-B4C7-71C36AB86A54}.Debug|Any CPU.ActiveCfg = Debug|Any CPU
		{F54D55F9-F791-483D-B4C7-71C36AB86A54}.Debug|Any CPU.Build.0 = Debug|Any CPU
		{F54D55F9-F791-483D-B4C7-71C36AB86A54}.Release|Any CPU.ActiveCfg = Release|Any CPU
		{F54D55F9-F791-483D-B4C7-71C36AB86A54}.Release|Any CPU.Build.0 = Release|Any CPU
		{B4434775-107B-4254-A960-099F123B267D}.Debug|Any CPU.ActiveCfg = Debug|Any CPU
		{B4434775-107B-4254-A960-099F123B267D}.Debug|Any CPU.Build.0 = Debug|Any CPU
		{B4434775-107B-4254-A960-099F123B267D}.Release|Any CPU.ActiveCfg = Release|Any CPU
		{B4434775-107B-4254-A960-099F123B267D}.Release|Any CPU.Build.0 = Release|Any CPU
		{8196C426-3CAD-4F05-B582-CB2FBE858691}.Debug|Any CPU.ActiveCfg = Debug|Any CPU
		{8196C426-3CAD-4F05-B582-CB2FBE858691}.Debug|Any CPU.Build.0 = Debug|Any CPU
		{8196C426-3CAD-4F05-B582-CB2FBE858691}.Release|Any CPU.ActiveCfg = Release|Any CPU
		{8196C426-3CAD-4F05-B582-CB2FBE858691}.Release|Any CPU.Build.0 = Release|Any CPU
	EndGlobalSection
	GlobalSection(SolutionProperties) = preSolution
		HideSolutionNode = FALSE
	EndGlobalSection
	GlobalSection(ExtensibilityGlobals) = postSolution
		SolutionGuid = {F1B3FBB2-CA54-4398-86BB-4ACB76D1C859}
	EndGlobalSection
EndGlobal
