
Microsoft Visual Studio Solution File, Format Version 12.00
# Visual Studio 15
VisualStudioVersion = 15.0.28307.136
MinimumVisualStudioVersion = 10.0.40219.1
Project("{FAE04EC0-301F-11D3-BF4B-00C04F79EFBC}") = "Epam.Task07.Date existance", "Epam.Task07.Date existance\Epam.Task07.Date existance.csproj", "{C4468F39-9476-4A9E-B881-50B4CD4178F3}"
EndProject
Project("{FAE04EC0-301F-11D3-BF4B-00C04F79EFBC}") = "Epam.Task07.Time counter", "Epam.Task07.Time counter\Epam.Task07.Time counter.csproj", "{74678471-F29B-40A7-8CC7-578CB24A20C8}"
EndProject
Project("{FAE04EC0-301F-11D3-BF4B-00C04F79EFBC}") = "Epam.Task07.HTML replacer", "Epam.Task07.HTML replacer\Epam.Task07.HTML replacer.csproj", "{09BBCB58-D5F4-4283-BD31-6992CE67F39E}"
EndProject
Project("{FAE04EC0-301F-11D3-BF4B-00C04F79EFBC}") = "Epam.Task07.Number validator", "Epam.Task07.Number validator\Epam.Task07.Number validator.csproj", "{A11B9938-5D83-4471-8AE2-26BAF16A65A9}"
EndProject
Project("{FAE04EC0-301F-11D3-BF4B-00C04F79EFBC}") = "Epam.Task07.Email finder", "Epam.Task07.Email finder\Epam.Task07.Email finder.csproj", "{D9E408A1-6CB9-43B1-96AE-B7FE8F2BC924}"
EndProject
Global
	GlobalSection(SolutionConfigurationPlatforms) = preSolution
		Debug|Any CPU = Debug|Any CPU
		Release|Any CPU = Release|Any CPU
	EndGlobalSection
	GlobalSection(ProjectConfigurationPlatforms) = postSolution
		{C4468F39-9476-4A9E-B881-50B4CD4178F3}.Debug|Any CPU.ActiveCfg = Debug|Any CPU
		{C4468F39-9476-4A9E-B881-50B4CD4178F3}.Debug|Any CPU.Build.0 = Debug|Any CPU
		{C4468F39-9476-4A9E-B881-50B4CD4178F3}.Release|Any CPU.ActiveCfg = Release|Any CPU
		{C4468F39-9476-4A9E-B881-50B4CD4178F3}.Release|Any CPU.Build.0 = Release|Any CPU
		{74678471-F29B-40A7-8CC7-578CB24A20C8}.Debug|Any CPU.ActiveCfg = Debug|Any CPU
		{74678471-F29B-40A7-8CC7-578CB24A20C8}.Debug|Any CPU.Build.0 = Debug|Any CPU
		{74678471-F29B-40A7-8CC7-578CB24A20C8}.Release|Any CPU.ActiveCfg = Release|Any CPU
		{74678471-F29B-40A7-8CC7-578CB24A20C8}.Release|Any CPU.Build.0 = Release|Any CPU
		{09BBCB58-D5F4-4283-BD31-6992CE67F39E}.Debug|Any CPU.ActiveCfg = Debug|Any CPU
		{09BBCB58-D5F4-4283-BD31-6992CE67F39E}.Debug|Any CPU.Build.0 = Debug|Any CPU
		{09BBCB58-D5F4-4283-BD31-6992CE67F39E}.Release|Any CPU.ActiveCfg = Release|Any CPU
		{09BBCB58-D5F4-4283-BD31-6992CE67F39E}.Release|Any CPU.Build.0 = Release|Any CPU
		{A11B9938-5D83-4471-8AE2-26BAF16A65A9}.Debug|Any CPU.ActiveCfg = Debug|Any CPU
		{A11B9938-5D83-4471-8AE2-26BAF16A65A9}.Debug|Any CPU.Build.0 = Debug|Any CPU
		{A11B9938-5D83-4471-8AE2-26BAF16A65A9}.Release|Any CPU.ActiveCfg = Release|Any CPU
		{A11B9938-5D83-4471-8AE2-26BAF16A65A9}.Release|Any CPU.Build.0 = Release|Any CPU
		{D9E408A1-6CB9-43B1-96AE-B7FE8F2BC924}.Debug|Any CPU.ActiveCfg = Debug|Any CPU
		{D9E408A1-6CB9-43B1-96AE-B7FE8F2BC924}.Debug|Any CPU.Build.0 = Debug|Any CPU
		{D9E408A1-6CB9-43B1-96AE-B7FE8F2BC924}.Release|Any CPU.ActiveCfg = Release|Any CPU
		{D9E408A1-6CB9-43B1-96AE-B7FE8F2BC924}.Release|Any CPU.Build.0 = Release|Any CPU
	EndGlobalSection
	GlobalSection(SolutionProperties) = preSolution
		HideSolutionNode = FALSE
	EndGlobalSection
	GlobalSection(ExtensibilityGlobals) = postSolution
		SolutionGuid = {C5F3A61E-9C05-4191-9822-CFD49DFC433C}
	EndGlobalSection
EndGlobal
